
Microsoft Visual Studio Solution File, Format Version 12.00
# Visual Studio Version 16
VisualStudioVersion = 16.0.31205.134
MinimumVisualStudioVersion = 10.0.40219.1
Project("{FAE04EC0-301F-11D3-BF4B-00C04F79EFBC}") = "WinFormsApp1", "WinFormsApp1\WinFormsApp1.csproj", "{E2A7CF5A-BD0E-4A28-B99D-F1F9012B7AC9}"
EndProject
Global
	GlobalSection(SolutionConfigurationPlatforms) = preSolution
		Debug|Any CPU = Debug|Any CPU
		Release|Any CPU = Release|Any CPU
	EndGlobalSection
	GlobalSection(ProjectConfigurationPlatforms) = postSolution
		{E2A7CF5A-BD0E-4A28-B99D-F1F9012B7AC9}.Debug|Any CPU.ActiveCfg = Debug|Any CPU
		{E2A7CF5A-BD0E-4A28-B99D-F1F9012B7AC9}.Debug|Any CPU.Build.0 = Debug|Any CPU
		{E2A7CF5A-BD0E-4A28-B99D-F1F9012B7AC9}.Release|Any CPU.ActiveCfg = Release|Any CPU
		{E2A7CF5A-BD0E-4A28-B99D-F1F9012B7AC9}.Release|Any CPU.Build.0 = Release|Any CPU
	EndGlobalSection
	GlobalSection(SolutionProperties) = preSolution
		HideSolutionNode = FALSE
	EndGlobalSection
	GlobalSection(ExtensibilityGlobals) = postSolution
		SolutionGuid = {8F4E8543-60A8-4F41-AB40-698D0A3F1746}
	EndGlobalSection
EndGlobal
